
Microsoft Visual Studio Solution File, Format Version 12.00
# Visual Studio Version 17
VisualStudioVersion = 17.4.33110.190
MinimumVisualStudioVersion = 10.0.40219.1
Project("{9A19103F-16F7-4668-BE54-9A1E7A4F7556}") = "codelist0201_0202", "codelist0201_0202\codelist0201_0202.csproj", "{AF9317CA-6C54-43F4-9C9B-6A3C95DFBC9A}"
EndProject
Project("{9A19103F-16F7-4668-BE54-9A1E7A4F7556}") = "codelist0203_0205", "codelist0203_0205\codelist0203_0205.csproj", "{00EF88D5-7043-4D91-BED4-77209C2C1CD0}"
EndProject
Project("{9A19103F-16F7-4668-BE54-9A1E7A4F7556}") = "codelist0206_0208", "codelist0206_0208\codelist0206_0208.csproj", "{834CCC4E-764E-4444-A05E-B2B3713CBB51}"
EndProject
Project("{9A19103F-16F7-4668-BE54-9A1E7A4F7556}") = "codelist0401_0402", "codelist0401_0402\codelist0401_0402.csproj", "{7EA7E3E9-87F6-4CAB-893B-EF4E4B500E00}"
EndProject
Project("{9A19103F-16F7-4668-BE54-9A1E7A4F7556}") = "codelist0403", "codelist0403\codelist0403.csproj", "{00CA4B10-8BD6-430C-9311-4622713AC829}"
EndProject
Project("{9A19103F-16F7-4668-BE54-9A1E7A4F7556}") = "codelist0501_0503", "codelist0501_0503\codelist0501_0503.csproj", "{01292FEF-0115-414B-8FFF-161E85FCD212}"
EndProject
Project("{9A19103F-16F7-4668-BE54-9A1E7A4F7556}") = "codelist0504_0506", "codelist0504_0506\codelist0504_0506.csproj", "{6B9777A3-B449-4F37-9B77-91D5104983CB}"
EndProject
Project("{9A19103F-16F7-4668-BE54-9A1E7A4F7556}") = "codelist0507_0509", "codelist0507_0509\codelist0507_0509.csproj", "{58126A3B-3593-46BF-B443-16A08C7B2191}"
EndProject
Project("{9A19103F-16F7-4668-BE54-9A1E7A4F7556}") = "codelist0510_0511", "codelist0510_0511\codelist0510_0511.csproj", "{332C0AC2-B07F-446B-ABFA-F653CA8A2A1D}"
EndProject
Project("{9A19103F-16F7-4668-BE54-9A1E7A4F7556}") = "codelist0209_0211", "codelist0209_0211\codelist0209_0211.csproj", "{AC2D42EE-B539-4F3A-ADE4-71536435BBD9}"
EndProject
Project("{9A19103F-16F7-4668-BE54-9A1E7A4F7556}") = "codelist0212_0214", "codelist0212_0214\codelist0212_0214.csproj", "{E961C933-4982-4A64-9FD5-527AF7F8D87B}"
EndProject
Project("{9A19103F-16F7-4668-BE54-9A1E7A4F7556}") = "codelist0217_0218", "codelist0217_0218\codelist0217_0218.csproj", "{9983152D-95F1-4BA3-A365-A938EBEFA4DE}"
EndProject
Project("{9A19103F-16F7-4668-BE54-9A1E7A4F7556}") = "codelist0219_0220", "codelist0219_0220\codelist0219_0220.csproj", "{CD3A6BFB-57D8-4938-BE8A-D09D7F95420C}"
EndProject
Project("{9A19103F-16F7-4668-BE54-9A1E7A4F7556}") = "codelist0221", "codelist0221\codelist0221.csproj", "{24F98573-537C-4E62-A14D-B8B9E958FDC8}"
EndProject
Project("{9A19103F-16F7-4668-BE54-9A1E7A4F7556}") = "codelist0222_0224", "codelist0222_0224\codelist0222_0224.csproj", "{46F88EA5-32E9-499B-AEB8-B842D6C342DF}"
EndProject
Project("{9A19103F-16F7-4668-BE54-9A1E7A4F7556}") = "codelist0225_0229", "codelist0225_0229\codelist0225_0229.csproj", "{B682EDFF-3B18-4831-96E4-C77921DDE256}"
EndProject
Project("{9A19103F-16F7-4668-BE54-9A1E7A4F7556}") = "codelist0231", "codelist0231\codelist0231.csproj", "{4760988E-E73B-49F4-A693-998B96D408DA}"
EndProject
Project("{9A19103F-16F7-4668-BE54-9A1E7A4F7556}") = "codelist0232", "codelist0232\codelist0232.csproj", "{43249FA5-6E49-4BE6-A133-4B786F5B7482}"
EndProject
Project("{9A19103F-16F7-4668-BE54-9A1E7A4F7556}") = "codelist0234_0237", "codelist0234_0237\codelist0234_0237.csproj", "{43CBF286-3F20-4600-ADD1-07CBC707CB7D}"
EndProject
Project("{9A19103F-16F7-4668-BE54-9A1E7A4F7556}") = "codelist0238_0240", "codelist0238_0240\codelist0238_0240.csproj", "{7BD48B72-4ABA-4E66-9CF7-FDBBD059F996}"
EndProject
Project("{9A19103F-16F7-4668-BE54-9A1E7A4F7556}") = "codelist0902", "codelist0902\codelist0902.csproj", "{45F67F58-3668-4E72-BE01-53B014DB03A1}"
EndProject
Project("{9A19103F-16F7-4668-BE54-9A1E7A4F7556}") = "codelist0801", "codelist0801\codelist0801.csproj", "{5CBDCE09-20FE-4261-B87F-B45F93A349F0}"
EndProject
Project("{9A19103F-16F7-4668-BE54-9A1E7A4F7556}") = "codelist0301", "codelist0301\codelist0301.csproj", "{9EDCA5EF-04B0-4134-9350-9789832400D7}"
EndProject
Project("{9A19103F-16F7-4668-BE54-9A1E7A4F7556}") = "codelist0302_0320", "codelist0302_0320\codelist0302_0320.csproj", "{83E70EE3-0921-4AC6-BB21-FB7228847911}"
EndProject
Project("{9A19103F-16F7-4668-BE54-9A1E7A4F7556}") = "codelist0608", "codelist0608\codelist0608.csproj", "{9D6D6117-C388-4102-BB5B-7CF0424E0DAC}"
EndProject
Project("{9A19103F-16F7-4668-BE54-9A1E7A4F7556}") = "codelist0612", "codelist0612\codelist0612.csproj", "{0BC17858-17AD-41EF-838F-E248509FF81B}"
EndProject
Project("{9A19103F-16F7-4668-BE54-9A1E7A4F7556}") = "codelist0601_0603", "codelist0601_0603\codelist0601_0603.csproj", "{3BF55471-2184-4B0D-BFE5-9BEFD11FF1A2}"
EndProject
Project("{9A19103F-16F7-4668-BE54-9A1E7A4F7556}") = "codelist0604_0607", "codelist0604_0607\codelist0604_0607.csproj", "{9D73CF8E-C1D6-4C12-95D8-3606B2700A60}"
EndProject
Project("{9A19103F-16F7-4668-BE54-9A1E7A4F7556}") = "codelist0609_0611", "codelist0609_0611\codelist0609_0611.csproj", "{D710DC63-DF5A-41FD-8CEC-D9A29396B55B}"
EndProject
Project("{9A19103F-16F7-4668-BE54-9A1E7A4F7556}") = "codelist0701_0710", "codelist0701_0710\codelist0701_0710.csproj", "{A5995DE7-B236-48AB-BB95-05F83C005E9C}"
EndProject
Project("{FAE04EC0-301F-11D3-BF4B-00C04F79EFBC}") = "codelist1501", "codelist1501\codelist1501.csproj", "{2AC35989-5CE6-45A3-9358-4BE8349DCDA1}"
EndProject
Global
	GlobalSection(SolutionConfigurationPlatforms) = preSolution
		Debug|Any CPU = Debug|Any CPU
		Release|Any CPU = Release|Any CPU
	EndGlobalSection
	GlobalSection(ProjectConfigurationPlatforms) = postSolution
		{AF9317CA-6C54-43F4-9C9B-6A3C95DFBC9A}.Debug|Any CPU.ActiveCfg = Debug|Any CPU
		{AF9317CA-6C54-43F4-9C9B-6A3C95DFBC9A}.Debug|Any CPU.Build.0 = Debug|Any CPU
		{AF9317CA-6C54-43F4-9C9B-6A3C95DFBC9A}.Release|Any CPU.ActiveCfg = Release|Any CPU
		{AF9317CA-6C54-43F4-9C9B-6A3C95DFBC9A}.Release|Any CPU.Build.0 = Release|Any CPU
		{00EF88D5-7043-4D91-BED4-77209C2C1CD0}.Debug|Any CPU.ActiveCfg = Debug|Any CPU
		{00EF88D5-7043-4D91-BED4-77209C2C1CD0}.Debug|Any CPU.Build.0 = Debug|Any CPU
		{00EF88D5-7043-4D91-BED4-77209C2C1CD0}.Release|Any CPU.ActiveCfg = Release|Any CPU
		{00EF88D5-7043-4D91-BED4-77209C2C1CD0}.Release|Any CPU.Build.0 = Release|Any CPU
		{834CCC4E-764E-4444-A05E-B2B3713CBB51}.Debug|Any CPU.ActiveCfg = Debug|Any CPU
		{834CCC4E-764E-4444-A05E-B2B3713CBB51}.Debug|Any CPU.Build.0 = Debug|Any CPU
		{834CCC4E-764E-4444-A05E-B2B3713CBB51}.Release|Any CPU.ActiveCfg = Release|Any CPU
		{834CCC4E-764E-4444-A05E-B2B3713CBB51}.Release|Any CPU.Build.0 = Release|Any CPU
		{7EA7E3E9-87F6-4CAB-893B-EF4E4B500E00}.Debug|Any CPU.ActiveCfg = Debug|Any CPU
		{7EA7E3E9-87F6-4CAB-893B-EF4E4B500E00}.Debug|Any CPU.Build.0 = Debug|Any CPU
		{7EA7E3E9-87F6-4CAB-893B-EF4E4B500E00}.Release|Any CPU.ActiveCfg = Release|Any CPU
		{7EA7E3E9-87F6-4CAB-893B-EF4E4B500E00}.Release|Any CPU.Build.0 = Release|Any CPU
		{00CA4B10-8BD6-430C-9311-4622713AC829}.Debug|Any CPU.ActiveCfg = Debug|Any CPU
		{00CA4B10-8BD6-430C-9311-4622713AC829}.Debug|Any CPU.Build.0 = Debug|Any CPU
		{00CA4B10-8BD6-430C-9311-4622713AC829}.Release|Any CPU.ActiveCfg = Release|Any CPU
		{00CA4B10-8BD6-430C-9311-4622713AC829}.Release|Any CPU.Build.0 = Release|Any CPU
		{01292FEF-0115-414B-8FFF-161E85FCD212}.Debug|Any CPU.ActiveCfg = Debug|Any CPU
		{01292FEF-0115-414B-8FFF-161E85FCD212}.Debug|Any CPU.Build.0 = Debug|Any CPU
		{01292FEF-0115-414B-8FFF-161E85FCD212}.Release|Any CPU.ActiveCfg = Release|Any CPU
		{01292FEF-0115-414B-8FFF-161E85FCD212}.Release|Any CPU.Build.0 = Release|Any CPU
		{6B9777A3-B449-4F37-9B77-91D5104983CB}.Debug|Any CPU.ActiveCfg = Debug|Any CPU
		{6B9777A3-B449-4F37-9B77-91D5104983CB}.Debug|Any CPU.Build.0 = Debug|Any CPU
		{6B9777A3-B449-4F37-9B77-91D5104983CB}.Release|Any CPU.ActiveCfg = Release|Any CPU
		{6B9777A3-B449-4F37-9B77-91D5104983CB}.Release|Any CPU.Build.0 = Release|Any CPU
		{58126A3B-3593-46BF-B443-16A08C7B2191}.Debug|Any CPU.ActiveCfg = Debug|Any CPU
		{58126A3B-3593-46BF-B443-16A08C7B2191}.Debug|Any CPU.Build.0 = Debug|Any CPU
		{58126A3B-3593-46BF-B443-16A08C7B2191}.Release|Any CPU.ActiveCfg = Release|Any CPU
		{58126A3B-3593-46BF-B443-16A08C7B2191}.Release|Any CPU.Build.0 = Release|Any CPU
		{332C0AC2-B07F-446B-ABFA-F653CA8A2A1D}.Debug|Any CPU.ActiveCfg = Debug|Any CPU
		{332C0AC2-B07F-446B-ABFA-F653CA8A2A1D}.Debug|Any CPU.Build.0 = Debug|Any CPU
		{332C0AC2-B07F-446B-ABFA-F653CA8A2A1D}.Release|Any CPU.ActiveCfg = Release|Any CPU
		{332C0AC2-B07F-446B-ABFA-F653CA8A2A1D}.Release|Any CPU.Build.0 = Release|Any CPU
		{AC2D42EE-B539-4F3A-ADE4-71536435BBD9}.Debug|Any CPU.ActiveCfg = Debug|Any CPU
		{AC2D42EE-B539-4F3A-ADE4-71536435BBD9}.Debug|Any CPU.Build.0 = Debug|Any CPU
		{AC2D42EE-B539-4F3A-ADE4-71536435BBD9}.Release|Any CPU.ActiveCfg = Release|Any CPU
		{AC2D42EE-B539-4F3A-ADE4-71536435BBD9}.Release|Any CPU.Build.0 = Release|Any CPU
		{E961C933-4982-4A64-9FD5-527AF7F8D87B}.Debug|Any CPU.ActiveCfg = Debug|Any CPU
		{E961C933-4982-4A64-9FD5-527AF7F8D87B}.Debug|Any CPU.Build.0 = Debug|Any CPU
		{E961C933-4982-4A64-9FD5-527AF7F8D87B}.Release|Any CPU.ActiveCfg = Release|Any CPU
		{E961C933-4982-4A64-9FD5-527AF7F8D87B}.Release|Any CPU.Build.0 = Release|Any CPU
		{9983152D-95F1-4BA3-A365-A938EBEFA4DE}.Debug|Any CPU.ActiveCfg = Debug|Any CPU
		{9983152D-95F1-4BA3-A365-A938EBEFA4DE}.Debug|Any CPU.Build.0 = Debug|Any CPU
		{9983152D-95F1-4BA3-A365-A938EBEFA4DE}.Release|Any CPU.ActiveCfg = Release|Any CPU
		{9983152D-95F1-4BA3-A365-A938EBEFA4DE}.Release|Any CPU.Build.0 = Release|Any CPU
		{CD3A6BFB-57D8-4938-BE8A-D09D7F95420C}.Debug|Any CPU.ActiveCfg = Debug|Any CPU
		{CD3A6BFB-57D8-4938-BE8A-D09D7F95420C}.Debug|Any CPU.Build.0 = Debug|Any CPU
		{CD3A6BFB-57D8-4938-BE8A-D09D7F95420C}.Release|Any CPU.ActiveCfg = Release|Any CPU
		{CD3A6BFB-57D8-4938-BE8A-D09D7F95420C}.Release|Any CPU.Build.0 = Release|Any CPU
		{24F98573-537C-4E62-A14D-B8B9E958FDC8}.Debug|Any CPU.ActiveCfg = Debug|Any CPU
		{24F98573-537C-4E62-A14D-B8B9E958FDC8}.Debug|Any CPU.Build.0 = Debug|Any CPU
		{24F98573-537C-4E62-A14D-B8B9E958FDC8}.Release|Any CPU.ActiveCfg = Release|Any CPU
		{24F98573-537C-4E62-A14D-B8B9E958FDC8}.Release|Any CPU.Build.0 = Release|Any CPU
		{46F88EA5-32E9-499B-AEB8-B842D6C342DF}.Debug|Any CPU.ActiveCfg = Debug|Any CPU
		{46F88EA5-32E9-499B-AEB8-B842D6C342DF}.Debug|Any CPU.Build.0 = Debug|Any CPU
		{46F88EA5-32E9-499B-AEB8-B842D6C342DF}.Release|Any CPU.ActiveCfg = Release|Any CPU
		{46F88EA5-32E9-499B-AEB8-B842D6C342DF}.Release|Any CPU.Build.0 = Release|Any CPU
		{B682EDFF-3B18-4831-96E4-C77921DDE256}.Debug|Any CPU.ActiveCfg = Debug|Any CPU
		{B682EDFF-3B18-4831-96E4-C77921DDE256}.Debug|Any CPU.Build.0 = Debug|Any CPU
		{B682EDFF-3B18-4831-96E4-C77921DDE256}.Release|Any CPU.ActiveCfg = Release|Any CPU
		{B682EDFF-3B18-4831-96E4-C77921DDE256}.Release|Any CPU.Build.0 = Release|Any CPU
		{4760988E-E73B-49F4-A693-998B96D408DA}.Debug|Any CPU.ActiveCfg = Debug|Any CPU
		{4760988E-E73B-49F4-A693-998B96D408DA}.Debug|Any CPU.Build.0 = Debug|Any CPU
		{4760988E-E73B-49F4-A693-998B96D408DA}.Release|Any CPU.ActiveCfg = Release|Any CPU
		{4760988E-E73B-49F4-A693-998B96D408DA}.Release|Any CPU.Build.0 = Release|Any CPU
		{43249FA5-6E49-4BE6-A133-4B786F5B7482}.Debug|Any CPU.ActiveCfg = Debug|Any CPU
		{43249FA5-6E49-4BE6-A133-4B786F5B7482}.Debug|Any CPU.Build.0 = Debug|Any CPU
		{43249FA5-6E49-4BE6-A133-4B786F5B7482}.Release|Any CPU.ActiveCfg = Release|Any CPU
		{43249FA5-6E49-4BE6-A133-4B786F5B7482}.Release|Any CPU.Build.0 = Release|Any CPU
		{43CBF286-3F20-4600-ADD1-07CBC707CB7D}.Debug|Any CPU.ActiveCfg = Debug|Any CPU
		{43CBF286-3F20-4600-ADD1-07CBC707CB7D}.Debug|Any CPU.Build.0 = Debug|Any CPU
		{43CBF286-3F20-4600-ADD1-07CBC707CB7D}.Release|Any CPU.ActiveCfg = Release|Any CPU
		{43CBF286-3F20-4600-ADD1-07CBC707CB7D}.Release|Any CPU.Build.0 = Release|Any CPU
		{7BD48B72-4ABA-4E66-9CF7-FDBBD059F996}.Debug|Any CPU.ActiveCfg = Debug|Any CPU
		{7BD48B72-4ABA-4E66-9CF7-FDBBD059F996}.Debug|Any CPU.Build.0 = Debug|Any CPU
		{7BD48B72-4ABA-4E66-9CF7-FDBBD059F996}.Release|Any CPU.ActiveCfg = Release|Any CPU
		{7BD48B72-4ABA-4E66-9CF7-FDBBD059F996}.Release|Any CPU.Build.0 = Release|Any CPU
		{45F67F58-3668-4E72-BE01-53B014DB03A1}.Debug|Any CPU.ActiveCfg = Debug|Any CPU
		{45F67F58-3668-4E72-BE01-53B014DB03A1}.Debug|Any CPU.Build.0 = Debug|Any CPU
		{45F67F58-3668-4E72-BE01-53B014DB03A1}.Release|Any CPU.ActiveCfg = Release|Any CPU
		{45F67F58-3668-4E72-BE01-53B014DB03A1}.Release|Any CPU.Build.0 = Release|Any CPU
		{5CBDCE09-20FE-4261-B87F-B45F93A349F0}.Debug|Any CPU.ActiveCfg = Debug|Any CPU
		{5CBDCE09-20FE-4261-B87F-B45F93A349F0}.Debug|Any CPU.Build.0 = Debug|Any CPU
		{5CBDCE09-20FE-4261-B87F-B45F93A349F0}.Release|Any CPU.ActiveCfg = Release|Any CPU
		{5CBDCE09-20FE-4261-B87F-B45F93A349F0}.Release|Any CPU.Build.0 = Release|Any CPU
		{9EDCA5EF-04B0-4134-9350-9789832400D7}.Debug|Any CPU.ActiveCfg = Debug|Any CPU
		{9EDCA5EF-04B0-4134-9350-9789832400D7}.Debug|Any CPU.Build.0 = Debug|Any CPU
		{9EDCA5EF-04B0-4134-9350-9789832400D7}.Release|Any CPU.ActiveCfg = Release|Any CPU
		{9EDCA5EF-04B0-4134-9350-9789832400D7}.Release|Any CPU.Build.0 = Release|Any CPU
		{83E70EE3-0921-4AC6-BB21-FB7228847911}.Debug|Any CPU.ActiveCfg = Debug|Any CPU
		{83E70EE3-0921-4AC6-BB21-FB7228847911}.Debug|Any CPU.Build.0 = Debug|Any CPU
		{83E70EE3-0921-4AC6-BB21-FB7228847911}.Release|Any CPU.ActiveCfg = Release|Any CPU
		{83E70EE3-0921-4AC6-BB21-FB7228847911}.Release|Any CPU.Build.0 = Release|Any CPU
		{9D6D6117-C388-4102-BB5B-7CF0424E0DAC}.Debug|Any CPU.ActiveCfg = Debug|Any CPU
		{9D6D6117-C388-4102-BB5B-7CF0424E0DAC}.Debug|Any CPU.Build.0 = Debug|Any CPU
		{9D6D6117-C388-4102-BB5B-7CF0424E0DAC}.Release|Any CPU.ActiveCfg = Release|Any CPU
		{9D6D6117-C388-4102-BB5B-7CF0424E0DAC}.Release|Any CPU.Build.0 = Release|Any CPU
		{0BC17858-17AD-41EF-838F-E248509FF81B}.Debug|Any CPU.ActiveCfg = Debug|Any CPU
		{0BC17858-17AD-41EF-838F-E248509FF81B}.Debug|Any CPU.Build.0 = Debug|Any CPU
		{0BC17858-17AD-41EF-838F-E248509FF81B}.Release|Any CPU.ActiveCfg = Release|Any CPU
		{0BC17858-17AD-41EF-838F-E248509FF81B}.Release|Any CPU.Build.0 = Release|Any CPU
		{3BF55471-2184-4B0D-BFE5-9BEFD11FF1A2}.Debug|Any CPU.ActiveCfg = Debug|Any CPU
		{3BF55471-2184-4B0D-BFE5-9BEFD11FF1A2}.Debug|Any CPU.Build.0 = Debug|Any CPU
		{3BF55471-2184-4B0D-BFE5-9BEFD11FF1A2}.Release|Any CPU.ActiveCfg = Release|Any CPU
		{3BF55471-2184-4B0D-BFE5-9BEFD11FF1A2}.Release|Any CPU.Build.0 = Release|Any CPU
		{9D73CF8E-C1D6-4C12-95D8-3606B2700A60}.Debug|Any CPU.ActiveCfg = Debug|Any CPU
		{9D73CF8E-C1D6-4C12-95D8-3606B2700A60}.Debug|Any CPU.Build.0 = Debug|Any CPU
		{9D73CF8E-C1D6-4C12-95D8-3606B2700A60}.Release|Any CPU.ActiveCfg = Release|Any CPU
		{9D73CF8E-C1D6-4C12-95D8-3606B2700A60}.Release|Any CPU.Build.0 = Release|Any CPU
		{D710DC63-DF5A-41FD-8CEC-D9A29396B55B}.Debug|Any CPU.ActiveCfg = Debug|Any CPU
		{D710DC63-DF5A-41FD-8CEC-D9A29396B55B}.Debug|Any CPU.Build.0 = Debug|Any CPU
		{D710DC63-DF5A-41FD-8CEC-D9A29396B55B}.Release|Any CPU.ActiveCfg = Release|Any CPU
		{D710DC63-DF5A-41FD-8CEC-D9A29396B55B}.Release|Any CPU.Build.0 = Release|Any CPU
		{A5995DE7-B236-48AB-BB95-05F83C005E9C}.Debug|Any CPU.ActiveCfg = Debug|Any CPU
		{A5995DE7-B236-48AB-BB95-05F83C005E9C}.Debug|Any CPU.Build.0 = Debug|Any CPU
		{A5995DE7-B236-48AB-BB95-05F83C005E9C}.Release|Any CPU.ActiveCfg = Release|Any CPU
		{A5995DE7-B236-48AB-BB95-05F83C005E9C}.Release|Any CPU.Build.0 = Release|Any CPU
		{2AC35989-5CE6-45A3-9358-4BE8349DCDA1}.Debug|Any CPU.ActiveCfg = Debug|Any CPU
		{2AC35989-5CE6-45A3-9358-4BE8349DCDA1}.Debug|Any CPU.Build.0 = Debug|Any CPU
		{2AC35989-5CE6-45A3-9358-4BE8349DCDA1}.Release|Any CPU.ActiveCfg = Release|Any CPU
		{2AC35989-5CE6-45A3-9358-4BE8349DCDA1}.Release|Any CPU.Build.0 = Release|Any CPU
	EndGlobalSection
	GlobalSection(SolutionProperties) = preSolution
		HideSolutionNode = FALSE
	EndGlobalSection
	GlobalSection(ExtensibilityGlobals) = postSolution
		SolutionGuid = {8E79752F-F7B2-4C3E-A501-B2CFA0DDB452}
	EndGlobalSection
EndGlobal
